// !$*UTF8*$!
{
	archiveVersion = 1;
	classes = {
	};
	objectVersion = 46;
	objects = {

/* Begin PBXBuildFile section */
		88DE84FE7D6646D7A8EF4BA8 /* libPods-sense.a in Frameworks */ = {isa = PBXBuildFile; fileRef = 61DB38D1E9494F2AB1F76E5C /* libPods-sense.a */; };
		BE06AF4019DCB35A0045C011 /* AppDelegate.swift in Sources */ = {isa = PBXBuildFile; fileRef = BE06AF3F19DCB35A0045C011 /* AppDelegate.swift */; };
		BE06AF4519DCB35A0045C011 /* Main.storyboard in Resources */ = {isa = PBXBuildFile; fileRef = BE06AF4319DCB35A0045C011 /* Main.storyboard */; };
		BE06AF4719DCB35A0045C011 /* Images.xcassets in Resources */ = {isa = PBXBuildFile; fileRef = BE06AF4619DCB35A0045C011 /* Images.xcassets */; };
		BE06AF5619DCB35A0045C011 /* senseTests.swift in Sources */ = {isa = PBXBuildFile; fileRef = BE06AF5519DCB35A0045C011 /* senseTests.swift */; };
		BE0A82A219E8534D005392E2 /* SignUpHealthConnectViewController.swift in Sources */ = {isa = PBXBuildFile; fileRef = BE0A82A119E8534D005392E2 /* SignUpHealthConnectViewController.swift */; };
		BE0A82A519E854A3005392E2 /* HealthKit.framework in Frameworks */ = {isa = PBXBuildFile; fileRef = BE0A82A419E854A3005392E2 /* HealthKit.framework */; };
		BE0A82AE19EC375B005392E2 /* Health.swift in Sources */ = {isa = PBXBuildFile; fileRef = BE0A82AD19EC375B005392E2 /* Health.swift */; };
		BE1189531A1415D4006A0F29 /* MoodBar.swift in Sources */ = {isa = PBXBuildFile; fileRef = BE1189521A1415D4006A0F29 /* MoodBar.swift */; };
		BE2214DA19DDBBC200429F22 /* LaunchViewController.swift in Sources */ = {isa = PBXBuildFile; fileRef = BE2214D919DDBBC200429F22 /* LaunchViewController.swift */; };
		BE2214DC19DDBFE600429F22 /* Settings.swift in Sources */ = {isa = PBXBuildFile; fileRef = BE2214DB19DDBFE600429F22 /* Settings.swift */; };
		BE2214DF19DDC32900429F22 /* LaunchBackgroundView.swift in Sources */ = {isa = PBXBuildFile; fileRef = BE2214DE19DDC32900429F22 /* LaunchBackgroundView.swift */; };
		BE402D301A3B5CA000A51B37 /* Roboto-Regular.ttf in Resources */ = {isa = PBXBuildFile; fileRef = BEBAB7F51A0AC50500AE7D31 /* Roboto-Regular.ttf */; };
		BE402D321A3B5CDF00A51B37 /* SourceSansPro-Light.otf in Resources */ = {isa = PBXBuildFile; fileRef = BE402D311A3B5CDF00A51B37 /* SourceSansPro-Light.otf */; };
		BE402D341A3B5DA700A51B37 /* SourceSansPro-ExtraLight.otf in Resources */ = {isa = PBXBuildFile; fileRef = BE402D331A3B5DA700A51B37 /* SourceSansPro-ExtraLight.otf */; };
		BE41080219EE2A5F006F8DB1 /* SignUpBirthdateViewController.swift in Sources */ = {isa = PBXBuildFile; fileRef = BE41080119EE2A5F006F8DB1 /* SignUpBirthdateViewController.swift */; };
		BE41080419EE2E6E006F8DB1 /* SignUpCompensationViewController.swift in Sources */ = {isa = PBXBuildFile; fileRef = BE41080319EE2E6E006F8DB1 /* SignUpCompensationViewController.swift */; };
		BE4825D819DED457008B56DE /* Roboto-Thin.ttf in Resources */ = {isa = PBXBuildFile; fileRef = BE4825D719DED2E2008B56DE /* Roboto-Thin.ttf */; };
		BE4825DB19DF02E1008B56DE /* signin.storyboard in Resources */ = {isa = PBXBuildFile; fileRef = BE4825DA19DF02E1008B56DE /* signin.storyboard */; };
		BE4825DD19DF0FD9008B56DE /* Roboto-Light.ttf in Resources */ = {isa = PBXBuildFile; fileRef = BE4825DC19DF0FD9008B56DE /* Roboto-Light.ttf */; };
		BE71453119E08FD800B3A042 /* SignInPhoneNumberViewController.swift in Sources */ = {isa = PBXBuildFile; fileRef = BE71453019E08FD800B3A042 /* SignInPhoneNumberViewController.swift */; };
		BE71453519E09D2B00B3A042 /* String.swift in Sources */ = {isa = PBXBuildFile; fileRef = BE71453419E09D2B00B3A042 /* String.swift */; };
		BE71453819E0CECC00B3A042 /* PillButton.swift in Sources */ = {isa = PBXBuildFile; fileRef = BE71453719E0CECC00B3A042 /* PillButton.swift */; };
		BEAC9A9C19F725790096A297 /* LineChart.swift in Sources */ = {isa = PBXBuildFile; fileRef = BEAC9A9B19F725790096A297 /* LineChart.swift */; };
		BEBAB7F01A0A98E600AE7D31 /* Bubble.swift in Sources */ = {isa = PBXBuildFile; fileRef = BEBAB7EF1A0A98E600AE7D31 /* Bubble.swift */; };
		BEBAB7F21A0A9E8F00AE7D31 /* LineTip.xib in Resources */ = {isa = PBXBuildFile; fileRef = BEBAB7F11A0A9E8F00AE7D31 /* LineTip.xib */; };
		BEBAB7F41A0AA2B100AE7D31 /* Clock.swift in Sources */ = {isa = PBXBuildFile; fileRef = BEBAB7F31A0AA2B100AE7D31 /* Clock.swift */; };
		BEBAB7F71A0AC92A00AE7D31 /* LineTip.swift in Sources */ = {isa = PBXBuildFile; fileRef = BEBAB7F61A0AC92A00AE7D31 /* LineTip.swift */; };
		BEC550DA1A1A8BBC00484112 /* CalendarDayLabelCollectionViewCell.swift in Sources */ = {isa = PBXBuildFile; fileRef = BEC550D81A1A8BBC00484112 /* CalendarDayLabelCollectionViewCell.swift */; };
		BEC550DB1A1A8BBC00484112 /* CalendarDayLabelCollectionViewCell.xib in Resources */ = {isa = PBXBuildFile; fileRef = BEC550D91A1A8BBC00484112 /* CalendarDayLabelCollectionViewCell.xib */; };
		BEC550DE1A1A932A00484112 /* CalendarLogCollectionViewCell.swift in Sources */ = {isa = PBXBuildFile; fileRef = BEC550DC1A1A932A00484112 /* CalendarLogCollectionViewCell.swift */; };
		BEC550DF1A1A932A00484112 /* CalendarLogCollectionViewCell.xib in Resources */ = {isa = PBXBuildFile; fileRef = BEC550DD1A1A932A00484112 /* CalendarLogCollectionViewCell.xib */; };
		BEDE7AE219F9727100BB6B1A /* AllMoodColorGradientView.swift in Sources */ = {isa = PBXBuildFile; fileRef = BEDE7AE119F9727100BB6B1A /* AllMoodColorGradientView.swift */; };
		BEF4483019EEE1EB00767339 /* Location.swift in Sources */ = {isa = PBXBuildFile; fileRef = BEF4482F19EEE1EB00767339 /* Location.swift */; };
		BEF4483419EEEC1C00767339 /* SharedUIView.swift in Sources */ = {isa = PBXBuildFile; fileRef = BEF4483319EEEC1C00767339 /* SharedUIView.swift */; };
		BEF4483919EEFA7300767339 /* DashboardViewController.swift in Sources */ = {isa = PBXBuildFile; fileRef = BEF4483819EEFA7300767339 /* DashboardViewController.swift */; };
		BEF4483B19EEFA8A00767339 /* dashboard.storyboard in Resources */ = {isa = PBXBuildFile; fileRef = BEF4483A19EEFA8A00767339 /* dashboard.storyboard */; };
		BEF4483E19EF068700767339 /* MoodLogViewController.swift in Sources */ = {isa = PBXBuildFile; fileRef = BEF4483C19EF068700767339 /* MoodLogViewController.swift */; };
		BEF4483F19EF068700767339 /* EmotionView.swift in Sources */ = {isa = PBXBuildFile; fileRef = BEF4483D19EF068700767339 /* EmotionView.swift */; };
		BEF548B919F6AC940063965A /* TemporaryUser.swift in Sources */ = {isa = PBXBuildFile; fileRef = BEF548B819F6AC940063965A /* TemporaryUser.swift */; };
		BEF632CB19EDBA3600D683A2 /* SignUpLocationPermissionViewController.swift in Sources */ = {isa = PBXBuildFile; fileRef = BEF632CA19EDBA3600D683A2 /* SignUpLocationPermissionViewController.swift */; };
		BEF632CD19EDD6C000D683A2 /* SignUpGenderViewController.swift in Sources */ = {isa = PBXBuildFile; fileRef = BEF632CC19EDD6C000D683A2 /* SignUpGenderViewController.swift */; };
/* End PBXBuildFile section */

/* Begin PBXContainerItemProxy section */
		BE06AF5019DCB35A0045C011 /* PBXContainerItemProxy */ = {
			isa = PBXContainerItemProxy;
			containerPortal = BE06AF3219DCB35A0045C011 /* Project object */;
			proxyType = 1;
			remoteGlobalIDString = BE06AF3919DCB35A0045C011;
			remoteInfo = sense;
		};
/* End PBXContainerItemProxy section */

/* Begin PBXFileReference section */
		0D5D4380A3AE10EF25C2E0F8 /* Pods-sense.release.xcconfig */ = {isa = PBXFileReference; includeInIndex = 1; lastKnownFileType = text.xcconfig; name = "Pods-sense.release.xcconfig"; path = "Pods/Target Support Files/Pods-sense/Pods-sense.release.xcconfig"; sourceTree = "<group>"; };
		61DB38D1E9494F2AB1F76E5C /* libPods-sense.a */ = {isa = PBXFileReference; explicitFileType = archive.ar; includeInIndex = 0; path = "libPods-sense.a"; sourceTree = BUILT_PRODUCTS_DIR; };
		8E131E799EA707A1199773C8 /* Pods-sense.debug.xcconfig */ = {isa = PBXFileReference; includeInIndex = 1; lastKnownFileType = text.xcconfig; name = "Pods-sense.debug.xcconfig"; path = "Pods/Target Support Files/Pods-sense/Pods-sense.debug.xcconfig"; sourceTree = "<group>"; };
		BE06AF3A19DCB35A0045C011 /* sense.app */ = {isa = PBXFileReference; explicitFileType = wrapper.application; includeInIndex = 0; path = sense.app; sourceTree = BUILT_PRODUCTS_DIR; };
		BE06AF3E19DCB35A0045C011 /* Info.plist */ = {isa = PBXFileReference; lastKnownFileType = text.plist.xml; path = Info.plist; sourceTree = "<group>"; };
		BE06AF3F19DCB35A0045C011 /* AppDelegate.swift */ = {isa = PBXFileReference; lastKnownFileType = sourcecode.swift; path = AppDelegate.swift; sourceTree = "<group>"; };
		BE06AF4419DCB35A0045C011 /* Base */ = {isa = PBXFileReference; lastKnownFileType = file.storyboard; name = Base; path = Base.lproj/Main.storyboard; sourceTree = "<group>"; };
		BE06AF4619DCB35A0045C011 /* Images.xcassets */ = {isa = PBXFileReference; lastKnownFileType = folder.assetcatalog; path = Images.xcassets; sourceTree = "<group>"; };
		BE06AF4F19DCB35A0045C011 /* senseTests.xctest */ = {isa = PBXFileReference; explicitFileType = wrapper.cfbundle; includeInIndex = 0; path = senseTests.xctest; sourceTree = BUILT_PRODUCTS_DIR; };
		BE06AF5419DCB35A0045C011 /* Info.plist */ = {isa = PBXFileReference; lastKnownFileType = text.plist.xml; path = Info.plist; sourceTree = "<group>"; };
		BE06AF5519DCB35A0045C011 /* senseTests.swift */ = {isa = PBXFileReference; lastKnownFileType = sourcecode.swift; path = senseTests.swift; sourceTree = "<group>"; };
		BE06AF9519DCB8220045C011 /* sense-Bridging-Header.h */ = {isa = PBXFileReference; lastKnownFileType = sourcecode.c.h; path = "sense-Bridging-Header.h"; sourceTree = "<group>"; };
		BE0A82A119E8534D005392E2 /* SignUpHealthConnectViewController.swift */ = {isa = PBXFileReference; fileEncoding = 4; lastKnownFileType = sourcecode.swift; path = SignUpHealthConnectViewController.swift; sourceTree = "<group>"; };
		BE0A82A319E8548B005392E2 /* sense.entitlements */ = {isa = PBXFileReference; lastKnownFileType = text.xml; path = sense.entitlements; sourceTree = "<group>"; };
		BE0A82A419E854A3005392E2 /* HealthKit.framework */ = {isa = PBXFileReference; lastKnownFileType = wrapper.framework; name = HealthKit.framework; path = System/Library/Frameworks/HealthKit.framework; sourceTree = SDKROOT; };
		BE0A82AD19EC375B005392E2 /* Health.swift */ = {isa = PBXFileReference; fileEncoding = 4; lastKnownFileType = sourcecode.swift; path = Health.swift; sourceTree = "<group>"; };
		BE1189521A1415D4006A0F29 /* MoodBar.swift */ = {isa = PBXFileReference; fileEncoding = 4; lastKnownFileType = sourcecode.swift; path = MoodBar.swift; sourceTree = "<group>"; };
		BE2214D919DDBBC200429F22 /* LaunchViewController.swift */ = {isa = PBXFileReference; fileEncoding = 4; lastKnownFileType = sourcecode.swift; path = LaunchViewController.swift; sourceTree = "<group>"; };
		BE2214DB19DDBFE600429F22 /* Settings.swift */ = {isa = PBXFileReference; fileEncoding = 4; lastKnownFileType = sourcecode.swift; path = Settings.swift; sourceTree = "<group>"; };
		BE2214DE19DDC32900429F22 /* LaunchBackgroundView.swift */ = {isa = PBXFileReference; fileEncoding = 4; lastKnownFileType = sourcecode.swift; path = LaunchBackgroundView.swift; sourceTree = "<group>"; };
		BE402D311A3B5CDF00A51B37 /* SourceSansPro-Light.otf */ = {isa = PBXFileReference; lastKnownFileType = file; path = "SourceSansPro-Light.otf"; sourceTree = "<group>"; };
		BE402D331A3B5DA700A51B37 /* SourceSansPro-ExtraLight.otf */ = {isa = PBXFileReference; lastKnownFileType = file; path = "SourceSansPro-ExtraLight.otf"; sourceTree = "<group>"; };
		BE41080119EE2A5F006F8DB1 /* SignUpBirthdateViewController.swift */ = {isa = PBXFileReference; fileEncoding = 4; lastKnownFileType = sourcecode.swift; path = SignUpBirthdateViewController.swift; sourceTree = "<group>"; };
		BE41080319EE2E6E006F8DB1 /* SignUpCompensationViewController.swift */ = {isa = PBXFileReference; fileEncoding = 4; lastKnownFileType = sourcecode.swift; path = SignUpCompensationViewController.swift; sourceTree = "<group>"; };
		BE4825D719DED2E2008B56DE /* Roboto-Thin.ttf */ = {isa = PBXFileReference; lastKnownFileType = file; path = "Roboto-Thin.ttf"; sourceTree = "<group>"; };
		BE4825DA19DF02E1008B56DE /* signin.storyboard */ = {isa = PBXFileReference; fileEncoding = 4; lastKnownFileType = file.storyboard; path = signin.storyboard; sourceTree = "<group>"; };
		BE4825DC19DF0FD9008B56DE /* Roboto-Light.ttf */ = {isa = PBXFileReference; lastKnownFileType = file; path = "Roboto-Light.ttf"; sourceTree = "<group>"; };
		BE71453019E08FD800B3A042 /* SignInPhoneNumberViewController.swift */ = {isa = PBXFileReference; fileEncoding = 4; lastKnownFileType = sourcecode.swift; path = SignInPhoneNumberViewController.swift; sourceTree = "<group>"; };
		BE71453419E09D2B00B3A042 /* String.swift */ = {isa = PBXFileReference; fileEncoding = 4; lastKnownFileType = sourcecode.swift; path = String.swift; sourceTree = "<group>"; };
		BE71453719E0CECC00B3A042 /* PillButton.swift */ = {isa = PBXFileReference; fileEncoding = 4; lastKnownFileType = sourcecode.swift; path = PillButton.swift; sourceTree = "<group>"; };
		BEAC9A9B19F725790096A297 /* LineChart.swift */ = {isa = PBXFileReference; fileEncoding = 4; lastKnownFileType = sourcecode.swift; path = LineChart.swift; sourceTree = "<group>"; };
		BEBAB7EF1A0A98E600AE7D31 /* Bubble.swift */ = {isa = PBXFileReference; fileEncoding = 4; lastKnownFileType = sourcecode.swift; path = Bubble.swift; sourceTree = "<group>"; };
		BEBAB7F11A0A9E8F00AE7D31 /* LineTip.xib */ = {isa = PBXFileReference; fileEncoding = 4; lastKnownFileType = file.xib; path = LineTip.xib; sourceTree = "<group>"; };
		BEBAB7F31A0AA2B100AE7D31 /* Clock.swift */ = {isa = PBXFileReference; fileEncoding = 4; lastKnownFileType = sourcecode.swift; path = Clock.swift; sourceTree = "<group>"; };
		BEBAB7F51A0AC50500AE7D31 /* Roboto-Regular.ttf */ = {isa = PBXFileReference; lastKnownFileType = file; path = "Roboto-Regular.ttf"; sourceTree = "<group>"; };
		BEBAB7F61A0AC92A00AE7D31 /* LineTip.swift */ = {isa = PBXFileReference; fileEncoding = 4; lastKnownFileType = sourcecode.swift; path = LineTip.swift; sourceTree = "<group>"; };
		BEC550D81A1A8BBC00484112 /* CalendarDayLabelCollectionViewCell.swift */ = {isa = PBXFileReference; fileEncoding = 4; lastKnownFileType = sourcecode.swift; path = CalendarDayLabelCollectionViewCell.swift; sourceTree = "<group>"; };
		BEC550D91A1A8BBC00484112 /* CalendarDayLabelCollectionViewCell.xib */ = {isa = PBXFileReference; fileEncoding = 4; lastKnownFileType = file.xib; path = CalendarDayLabelCollectionViewCell.xib; sourceTree = "<group>"; };
		BEC550DC1A1A932A00484112 /* CalendarLogCollectionViewCell.swift */ = {isa = PBXFileReference; fileEncoding = 4; lastKnownFileType = sourcecode.swift; path = CalendarLogCollectionViewCell.swift; sourceTree = "<group>"; };
		BEC550DD1A1A932A00484112 /* CalendarLogCollectionViewCell.xib */ = {isa = PBXFileReference; fileEncoding = 4; lastKnownFileType = file.xib; path = CalendarLogCollectionViewCell.xib; sourceTree = "<group>"; };
		BEDE7AE119F9727100BB6B1A /* AllMoodColorGradientView.swift */ = {isa = PBXFileReference; fileEncoding = 4; lastKnownFileType = sourcecode.swift; path = AllMoodColorGradientView.swift; sourceTree = "<group>"; };
		BEF4482F19EEE1EB00767339 /* Location.swift */ = {isa = PBXFileReference; fileEncoding = 4; lastKnownFileType = sourcecode.swift; path = Location.swift; sourceTree = "<group>"; };
		BEF4483319EEEC1C00767339 /* SharedUIView.swift */ = {isa = PBXFileReference; fileEncoding = 4; lastKnownFileType = sourcecode.swift; path = SharedUIView.swift; sourceTree = "<group>"; };
		BEF4483819EEFA7300767339 /* DashboardViewController.swift */ = {isa = PBXFileReference; fileEncoding = 4; lastKnownFileType = sourcecode.swift; path = DashboardViewController.swift; sourceTree = "<group>"; };
		BEF4483A19EEFA8A00767339 /* dashboard.storyboard */ = {isa = PBXFileReference; fileEncoding = 4; lastKnownFileType = file.storyboard; path = dashboard.storyboard; sourceTree = "<group>"; };
		BEF4483C19EF068700767339 /* MoodLogViewController.swift */ = {isa = PBXFileReference; fileEncoding = 4; lastKnownFileType = sourcecode.swift; path = MoodLogViewController.swift; sourceTree = "<group>"; };
		BEF4483D19EF068700767339 /* EmotionView.swift */ = {isa = PBXFileReference; fileEncoding = 4; lastKnownFileType = sourcecode.swift; path = EmotionView.swift; sourceTree = "<group>"; };
		BEF548B819F6AC940063965A /* TemporaryUser.swift */ = {isa = PBXFileReference; fileEncoding = 4; lastKnownFileType = sourcecode.swift; path = TemporaryUser.swift; sourceTree = "<group>"; };
		BEF632CA19EDBA3600D683A2 /* SignUpLocationPermissionViewController.swift */ = {isa = PBXFileReference; fileEncoding = 4; lastKnownFileType = sourcecode.swift; path = SignUpLocationPermissionViewController.swift; sourceTree = "<group>"; };
		BEF632CC19EDD6C000D683A2 /* SignUpGenderViewController.swift */ = {isa = PBXFileReference; fileEncoding = 4; lastKnownFileType = sourcecode.swift; path = SignUpGenderViewController.swift; sourceTree = "<group>"; };
/* End PBXFileReference section */

/* Begin PBXFrameworksBuildPhase section */
		BE06AF3719DCB35A0045C011 /* Frameworks */ = {
			isa = PBXFrameworksBuildPhase;
			buildActionMask = 2147483647;
			files = (
				88DE84FE7D6646D7A8EF4BA8 /* libPods-sense.a in Frameworks */,
				BE0A82A519E854A3005392E2 /* HealthKit.framework in Frameworks */,
			);
			runOnlyForDeploymentPostprocessing = 0;
		};
		BE06AF4C19DCB35A0045C011 /* Frameworks */ = {
			isa = PBXFrameworksBuildPhase;
			buildActionMask = 2147483647;
			files = (
			);
			runOnlyForDeploymentPostprocessing = 0;
		};
/* End PBXFrameworksBuildPhase section */

/* Begin PBXGroup section */
		110A81FBA1C76C52780D11FD /* Pods */ = {
			isa = PBXGroup;
			children = (
				8E131E799EA707A1199773C8 /* Pods-sense.debug.xcconfig */,
				0D5D4380A3AE10EF25C2E0F8 /* Pods-sense.release.xcconfig */,
			);
			name = Pods;
			sourceTree = "<group>";
		};
		910231E19D704047930145FE /* Frameworks */ = {
			isa = PBXGroup;
			children = (
				BE0A82A419E854A3005392E2 /* HealthKit.framework */,
				61DB38D1E9494F2AB1F76E5C /* libPods-sense.a */,
			);
			name = Frameworks;
			sourceTree = "<group>";
		};
		BE06AF3119DCB35A0045C011 = {
			isa = PBXGroup;
			children = (
				BE06AF3C19DCB35A0045C011 /* sense */,
				BE06AF5219DCB35A0045C011 /* senseTests */,
				BE06AF3B19DCB35A0045C011 /* Products */,
				910231E19D704047930145FE /* Frameworks */,
				110A81FBA1C76C52780D11FD /* Pods */,
			);
			sourceTree = "<group>";
		};
		BE06AF3B19DCB35A0045C011 /* Products */ = {
			isa = PBXGroup;
			children = (
				BE06AF3A19DCB35A0045C011 /* sense.app */,
				BE06AF4F19DCB35A0045C011 /* senseTests.xctest */,
			);
			name = Products;
			sourceTree = "<group>";
		};
		BE06AF3C19DCB35A0045C011 /* sense */ = {
			isa = PBXGroup;
			children = (
				BE71453619E0CEB000B3A042 /* Shared */,
				BE8424E71A0C086900AAB7B5 /* Model */,
				BE0A82A319E8548B005392E2 /* sense.entitlements */,
				BEF4483519EEFA1300767339 /* Dash */,
				BE4825D919DF02C8008B56DE /* Signup/in */,
				BE2214D819DDBB0F00429F22 /* Launch */,
				BE06AF3F19DCB35A0045C011 /* AppDelegate.swift */,
				BE06AF4619DCB35A0045C011 /* Images.xcassets */,
				BE06AF7A19DCB7A10045C011 /* Resources */,
				BE06AF3D19DCB35A0045C011 /* Supporting Files */,
			);
			path = sense;
			sourceTree = "<group>";
		};
		BE06AF3D19DCB35A0045C011 /* Supporting Files */ = {
			isa = PBXGroup;
			children = (
				BE06AF9519DCB8220045C011 /* sense-Bridging-Header.h */,
				BE06AF3E19DCB35A0045C011 /* Info.plist */,
			);
			name = "Supporting Files";
			sourceTree = "<group>";
		};
		BE06AF5219DCB35A0045C011 /* senseTests */ = {
			isa = PBXGroup;
			children = (
				BE06AF5519DCB35A0045C011 /* senseTests.swift */,
				BE06AF5319DCB35A0045C011 /* Supporting Files */,
			);
			path = senseTests;
			sourceTree = "<group>";
		};
		BE06AF5319DCB35A0045C011 /* Supporting Files */ = {
			isa = PBXGroup;
			children = (
				BE06AF5419DCB35A0045C011 /* Info.plist */,
			);
			name = "Supporting Files";
			sourceTree = "<group>";
		};
		BE06AF7A19DCB7A10045C011 /* Resources */ = {
			isa = PBXGroup;
			children = (
				BE71453319E09D1500B3A042 /* Shared */,
				BE4825D619DED2D4008B56DE /* Fonts */,
			);
			name = Resources;
			sourceTree = "<group>";
		};
		BE2214D819DDBB0F00429F22 /* Launch */ = {
			isa = PBXGroup;
			children = (
				BE06AF4319DCB35A0045C011 /* Main.storyboard */,
				BE2214D919DDBBC200429F22 /* LaunchViewController.swift */,
				BE2214DE19DDC32900429F22 /* LaunchBackgroundView.swift */,
				BE2214DB19DDBFE600429F22 /* Settings.swift */,
			);
			name = Launch;
			sourceTree = "<group>";
		};
		BE4825D619DED2D4008B56DE /* Fonts */ = {
			isa = PBXGroup;
			children = (
				BE402D331A3B5DA700A51B37 /* SourceSansPro-ExtraLight.otf */,
				BE402D311A3B5CDF00A51B37 /* SourceSansPro-Light.otf */,
				BEBAB7F51A0AC50500AE7D31 /* Roboto-Regular.ttf */,
				BE4825DC19DF0FD9008B56DE /* Roboto-Light.ttf */,
				BE4825D719DED2E2008B56DE /* Roboto-Thin.ttf */,
			);
			name = Fonts;
			sourceTree = "<group>";
		};
		BE4825D919DF02C8008B56DE /* Signup/in */ = {
			isa = PBXGroup;
			children = (
				BE4825DA19DF02E1008B56DE /* signin.storyboard */,
				BE71453019E08FD800B3A042 /* SignInPhoneNumberViewController.swift */,
				BE0A82A119E8534D005392E2 /* SignUpHealthConnectViewController.swift */,
				BEF632CA19EDBA3600D683A2 /* SignUpLocationPermissionViewController.swift */,
				BEF632CC19EDD6C000D683A2 /* SignUpGenderViewController.swift */,
				BE41080119EE2A5F006F8DB1 /* SignUpBirthdateViewController.swift */,
				BE41080319EE2E6E006F8DB1 /* SignUpCompensationViewController.swift */,
			);
			name = Signup/in;
			sourceTree = "<group>";
		};
		BE71453319E09D1500B3A042 /* Shared */ = {
			isa = PBXGroup;
			children = (
				BE71453419E09D2B00B3A042 /* String.swift */,
			);
			name = Shared;
			sourceTree = "<group>";
		};
		BE71453619E0CEB000B3A042 /* Shared */ = {
			isa = PBXGroup;
			children = (
				BEBAB7F81A0ACAFF00AE7D31 /* LineChart */,
				BE71453719E0CECC00B3A042 /* PillButton.swift */,
				BE0A82AD19EC375B005392E2 /* Health.swift */,
				BEF4482F19EEE1EB00767339 /* Location.swift */,
				BEF4483319EEEC1C00767339 /* SharedUIView.swift */,
				BEF548B819F6AC940063965A /* TemporaryUser.swift */,
				BEDE7AE119F9727100BB6B1A /* AllMoodColorGradientView.swift */,
				BEBAB7F31A0AA2B100AE7D31 /* Clock.swift */,
			);
			name = Shared;
			sourceTree = "<group>";
		};
		BE8424E71A0C086900AAB7B5 /* Model */ = {
			isa = PBXGroup;
			children = (
			);
			name = Model;
			sourceTree = "<group>";
		};
		BEBAB7F81A0ACAFF00AE7D31 /* LineChart */ = {
			isa = PBXGroup;
			children = (
				BEAC9A9B19F725790096A297 /* LineChart.swift */,
				BEBAB7EF1A0A98E600AE7D31 /* Bubble.swift */,
				BEBAB7F61A0AC92A00AE7D31 /* LineTip.swift */,
				BEBAB7F11A0A9E8F00AE7D31 /* LineTip.xib */,
			);
			name = LineChart;
			sourceTree = "<group>";
		};
		BEF4483519EEFA1300767339 /* Dash */ = {
			isa = PBXGroup;
			children = (
				BEF4483A19EEFA8A00767339 /* dashboard.storyboard */,
				BEF4483C19EF068700767339 /* MoodLogViewController.swift */,
				BEF4483D19EF068700767339 /* EmotionView.swift */,
				BEF4483819EEFA7300767339 /* DashboardViewController.swift */,
				BEC550D81A1A8BBC00484112 /* CalendarDayLabelCollectionViewCell.swift */,
				BEC550D91A1A8BBC00484112 /* CalendarDayLabelCollectionViewCell.xib */,
				BE1189521A1415D4006A0F29 /* MoodBar.swift */,
				BEC550DC1A1A932A00484112 /* CalendarLogCollectionViewCell.swift */,
				BEC550DD1A1A932A00484112 /* CalendarLogCollectionViewCell.xib */,
			);
			name = Dash;
			sourceTree = "<group>";
		};
/* End PBXGroup section */

/* Begin PBXNativeTarget section */
		BE06AF3919DCB35A0045C011 /* sense */ = {
			isa = PBXNativeTarget;
			buildConfigurationList = BE06AF5919DCB35A0045C011 /* Build configuration list for PBXNativeTarget "sense" */;
			buildPhases = (
				FE77BE1433B840CDA3051AD6 /* Check Pods Manifest.lock */,
				BE06AF3619DCB35A0045C011 /* Sources */,
				BE06AF3719DCB35A0045C011 /* Frameworks */,
				BE06AF3819DCB35A0045C011 /* Resources */,
				F85B16E0C7BC46F9B275C23E /* Copy Pods Resources */,
			);
			buildRules = (
			);
			dependencies = (
			);
			name = sense;
			productName = sense;
			productReference = BE06AF3A19DCB35A0045C011 /* sense.app */;
			productType = "com.apple.product-type.application";
		};
		BE06AF4E19DCB35A0045C011 /* senseTests */ = {
			isa = PBXNativeTarget;
			buildConfigurationList = BE06AF5C19DCB35A0045C011 /* Build configuration list for PBXNativeTarget "senseTests" */;
			buildPhases = (
				BE06AF4B19DCB35A0045C011 /* Sources */,
				BE06AF4C19DCB35A0045C011 /* Frameworks */,
				BE06AF4D19DCB35A0045C011 /* Resources */,
			);
			buildRules = (
			);
			dependencies = (
				BE06AF5119DCB35A0045C011 /* PBXTargetDependency */,
			);
			name = senseTests;
			productName = senseTests;
			productReference = BE06AF4F19DCB35A0045C011 /* senseTests.xctest */;
			productType = "com.apple.product-type.bundle.unit-test";
		};
/* End PBXNativeTarget section */

/* Begin PBXProject section */
		BE06AF3219DCB35A0045C011 /* Project object */ = {
			isa = PBXProject;
			attributes = {
				LastUpgradeCheck = 0610;
				ORGANIZATIONNAME = "O. C. Tanner";
				TargetAttributes = {
					BE06AF3919DCB35A0045C011 = {
						CreatedOnToolsVersion = 6.1;
						DevelopmentTeam = P25YZ8RHNL;
						SystemCapabilities = {
							com.apple.BackgroundModes = {
								enabled = 0;
							};
							com.apple.HealthKit = {
								enabled = 1;
							};
							com.apple.iCloud = {
								enabled = 0;
							};
						};
					};
					BE06AF4E19DCB35A0045C011 = {
						CreatedOnToolsVersion = 6.1;
						TestTargetID = BE06AF3919DCB35A0045C011;
					};
				};
			};
			buildConfigurationList = BE06AF3519DCB35A0045C011 /* Build configuration list for PBXProject "sense" */;
			compatibilityVersion = "Xcode 3.2";
			developmentRegion = English;
			hasScannedForEncodings = 0;
			knownRegions = (
				en,
				Base,
			);
			mainGroup = BE06AF3119DCB35A0045C011;
			productRefGroup = BE06AF3B19DCB35A0045C011 /* Products */;
			projectDirPath = "";
			projectRoot = "";
			targets = (
				BE06AF3919DCB35A0045C011 /* sense */,
				BE06AF4E19DCB35A0045C011 /* senseTests */,
			);
		};
/* End PBXProject section */

/* Begin PBXResourcesBuildPhase section */
		BE06AF3819DCB35A0045C011 /* Resources */ = {
			isa = PBXResourcesBuildPhase;
			buildActionMask = 2147483647;
			files = (
				BE4825DB19DF02E1008B56DE /* signin.storyboard in Resources */,
				BE402D301A3B5CA000A51B37 /* Roboto-Regular.ttf in Resources */,
				BEF4483B19EEFA8A00767339 /* dashboard.storyboard in Resources */,
				BE06AF4519DCB35A0045C011 /* Main.storyboard in Resources */,
				BEBAB7F21A0A9E8F00AE7D31 /* LineTip.xib in Resources */,
				BE4825DD19DF0FD9008B56DE /* Roboto-Light.ttf in Resources */,
				BEC550DF1A1A932A00484112 /* CalendarLogCollectionViewCell.xib in Resources */,
				BE06AF4719DCB35A0045C011 /* Images.xcassets in Resources */,
				BE402D321A3B5CDF00A51B37 /* SourceSansPro-Light.otf in Resources */,
				BEC550DB1A1A8BBC00484112 /* CalendarDayLabelCollectionViewCell.xib in Resources */,
				BE4825D819DED457008B56DE /* Roboto-Thin.ttf in Resources */,
				BE402D341A3B5DA700A51B37 /* SourceSansPro-ExtraLight.otf in Resources */,
			);
			runOnlyForDeploymentPostprocessing = 0;
		};
		BE06AF4D19DCB35A0045C011 /* Resources */ = {
			isa = PBXResourcesBuildPhase;
			buildActionMask = 2147483647;
			files = (
			);
			runOnlyForDeploymentPostprocessing = 0;
		};
/* End PBXResourcesBuildPhase section */

/* Begin PBXShellScriptBuildPhase section */
		F85B16E0C7BC46F9B275C23E /* Copy Pods Resources */ = {
			isa = PBXShellScriptBuildPhase;
			buildActionMask = 2147483647;
			files = (
			);
			inputPaths = (
			);
			name = "Copy Pods Resources";
			outputPaths = (
			);
			runOnlyForDeploymentPostprocessing = 0;
			shellPath = /bin/sh;
			shellScript = "\"${SRCROOT}/Pods/Target Support Files/Pods-sense/Pods-sense-resources.sh\"\n";
			showEnvVarsInLog = 0;
		};
		FE77BE1433B840CDA3051AD6 /* Check Pods Manifest.lock */ = {
			isa = PBXShellScriptBuildPhase;
			buildActionMask = 2147483647;
			files = (
			);
			inputPaths = (
			);
			name = "Check Pods Manifest.lock";
			outputPaths = (
			);
			runOnlyForDeploymentPostprocessing = 0;
			shellPath = /bin/sh;
			shellScript = "diff \"${PODS_ROOT}/../Podfile.lock\" \"${PODS_ROOT}/Manifest.lock\" > /dev/null\nif [[ $? != 0 ]] ; then\n    cat << EOM\nerror: The sandbox is not in sync with the Podfile.lock. Run 'pod install' or update your CocoaPods installation.\nEOM\n    exit 1\nfi\n";
			showEnvVarsInLog = 0;
		};
/* End PBXShellScriptBuildPhase section */

/* Begin PBXSourcesBuildPhase section */
		BE06AF3619DCB35A0045C011 /* Sources */ = {
			isa = PBXSourcesBuildPhase;
			buildActionMask = 2147483647;
			files = (
				BEF632CB19EDBA3600D683A2 /* SignUpLocationPermissionViewController.swift in Sources */,
				BE71453519E09D2B00B3A042 /* String.swift in Sources */,
				BE41080219EE2A5F006F8DB1 /* SignUpBirthdateViewController.swift in Sources */,
				BEDE7AE219F9727100BB6B1A /* AllMoodColorGradientView.swift in Sources */,
				BE41080419EE2E6E006F8DB1 /* SignUpCompensationViewController.swift in Sources */,
				BEAC9A9C19F725790096A297 /* LineChart.swift in Sources */,
				BEC550DA1A1A8BBC00484112 /* CalendarDayLabelCollectionViewCell.swift in Sources */,
				BE2214DC19DDBFE600429F22 /* Settings.swift in Sources */,
				BE06AF4019DCB35A0045C011 /* AppDelegate.swift in Sources */,
				BEF4483419EEEC1C00767339 /* SharedUIView.swift in Sources */,
				BEF4483019EEE1EB00767339 /* Location.swift in Sources */,
				BE2214DA19DDBBC200429F22 /* LaunchViewController.swift in Sources */,
				BEF4483E19EF068700767339 /* MoodLogViewController.swift in Sources */,
				BE2214DF19DDC32900429F22 /* LaunchBackgroundView.swift in Sources */,
				BE1189531A1415D4006A0F29 /* MoodBar.swift in Sources */,
				BE71453119E08FD800B3A042 /* SignInPhoneNumberViewController.swift in Sources */,
				BEF548B919F6AC940063965A /* TemporaryUser.swift in Sources */,
				BEF4483F19EF068700767339 /* EmotionView.swift in Sources */,
				BE71453819E0CECC00B3A042 /* PillButton.swift in Sources */,
				BEBAB7F01A0A98E600AE7D31 /* Bubble.swift in Sources */,
				BEF632CD19EDD6C000D683A2 /* SignUpGenderViewController.swift in Sources */,
				BE0A82AE19EC375B005392E2 /* Health.swift in Sources */,
				BEBAB7F41A0AA2B100AE7D31 /* Clock.swift in Sources */,
				BEBAB7F71A0AC92A00AE7D31 /* LineTip.swift in Sources */,
				BE0A82A219E8534D005392E2 /* SignUpHealthConnectViewController.swift in Sources */,
				BEF4483919EEFA7300767339 /* DashboardViewController.swift in Sources */,
				BEC550DE1A1A932A00484112 /* CalendarLogCollectionViewCell.swift in Sources */,
			);
			runOnlyForDeploymentPostprocessing = 0;
		};
		BE06AF4B19DCB35A0045C011 /* Sources */ = {
			isa = PBXSourcesBuildPhase;
			buildActionMask = 2147483647;
			files = (
				BE06AF5619DCB35A0045C011 /* senseTests.swift in Sources */,
			);
			runOnlyForDeploymentPostprocessing = 0;
		};
/* End PBXSourcesBuildPhase section */

/* Begin PBXTargetDependency section */
		BE06AF5119DCB35A0045C011 /* PBXTargetDependency */ = {
			isa = PBXTargetDependency;
			target = BE06AF3919DCB35A0045C011 /* sense */;
			targetProxy = BE06AF5019DCB35A0045C011 /* PBXContainerItemProxy */;
		};
/* End PBXTargetDependency section */

/* Begin PBXVariantGroup section */
		BE06AF4319DCB35A0045C011 /* Main.storyboard */ = {
			isa = PBXVariantGroup;
			children = (
				BE06AF4419DCB35A0045C011 /* Base */,
			);
			name = Main.storyboard;
			sourceTree = "<group>";
		};
/* End PBXVariantGroup section */

/* Begin XCBuildConfiguration section */
		BE06AF5719DCB35A0045C011 /* Debug */ = {
			isa = XCBuildConfiguration;
			buildSettings = {
				ALWAYS_SEARCH_USER_PATHS = NO;
				CLANG_CXX_LANGUAGE_STANDARD = "gnu++0x";
				CLANG_CXX_LIBRARY = "libc++";
				CLANG_ENABLE_MODULES = YES;
				CLANG_ENABLE_OBJC_ARC = YES;
				CLANG_WARN_BOOL_CONVERSION = YES;
				CLANG_WARN_CONSTANT_CONVERSION = YES;
				CLANG_WARN_DIRECT_OBJC_ISA_USAGE = YES_ERROR;
				CLANG_WARN_EMPTY_BODY = YES;
				CLANG_WARN_ENUM_CONVERSION = YES;
				CLANG_WARN_INT_CONVERSION = YES;
				CLANG_WARN_OBJC_ROOT_CLASS = YES_ERROR;
				CLANG_WARN_UNREACHABLE_CODE = YES;
				CLANG_WARN__DUPLICATE_METHOD_MATCH = YES;
				"CODE_SIGN_IDENTITY[sdk=iphoneos*]" = "iPhone Developer";
				COPY_PHASE_STRIP = NO;
				ENABLE_STRICT_OBJC_MSGSEND = YES;
				GCC_C_LANGUAGE_STANDARD = gnu99;
				GCC_DYNAMIC_NO_PIC = NO;
				GCC_OPTIMIZATION_LEVEL = 0;
				GCC_PREPROCESSOR_DEFINITIONS = (
					"DEBUG=1",
					"$(inherited)",
				);
				GCC_SYMBOLS_PRIVATE_EXTERN = NO;
				GCC_WARN_64_TO_32_BIT_CONVERSION = YES;
				GCC_WARN_ABOUT_RETURN_TYPE = YES_ERROR;
				GCC_WARN_UNDECLARED_SELECTOR = YES;
				GCC_WARN_UNINITIALIZED_AUTOS = YES_AGGRESSIVE;
				GCC_WARN_UNUSED_FUNCTION = YES;
				GCC_WARN_UNUSED_VARIABLE = YES;
				IPHONEOS_DEPLOYMENT_TARGET = 7.1;
				MTL_ENABLE_DEBUG_INFO = YES;
				ONLY_ACTIVE_ARCH = YES;
				SDKROOT = iphoneos;
				SWIFT_OPTIMIZATION_LEVEL = "-Onone";
			};
			name = Debug;
		};
		BE06AF5819DCB35A0045C011 /* Release */ = {
			isa = XCBuildConfiguration;
			buildSettings = {
				ALWAYS_SEARCH_USER_PATHS = NO;
				CLANG_CXX_LANGUAGE_STANDARD = "gnu++0x";
				CLANG_CXX_LIBRARY = "libc++";
				CLANG_ENABLE_MODULES = YES;
				CLANG_ENABLE_OBJC_ARC = YES;
				CLANG_WARN_BOOL_CONVERSION = YES;
				CLANG_WARN_CONSTANT_CONVERSION = YES;
				CLANG_WARN_DIRECT_OBJC_ISA_USAGE = YES_ERROR;
				CLANG_WARN_EMPTY_BODY = YES;
				CLANG_WARN_ENUM_CONVERSION = YES;
				CLANG_WARN_INT_CONVERSION = YES;
				CLANG_WARN_OBJC_ROOT_CLASS = YES_ERROR;
				CLANG_WARN_UNREACHABLE_CODE = YES;
				CLANG_WARN__DUPLICATE_METHOD_MATCH = YES;
				"CODE_SIGN_IDENTITY[sdk=iphoneos*]" = "iPhone Distribution";
				COPY_PHASE_STRIP = YES;
				ENABLE_NS_ASSERTIONS = NO;
				ENABLE_STRICT_OBJC_MSGSEND = YES;
				GCC_C_LANGUAGE_STANDARD = gnu99;
				GCC_WARN_64_TO_32_BIT_CONVERSION = YES;
				GCC_WARN_ABOUT_RETURN_TYPE = YES_ERROR;
				GCC_WARN_UNDECLARED_SELECTOR = YES;
				GCC_WARN_UNINITIALIZED_AUTOS = YES_AGGRESSIVE;
				GCC_WARN_UNUSED_FUNCTION = YES;
				GCC_WARN_UNUSED_VARIABLE = YES;
				IPHONEOS_DEPLOYMENT_TARGET = 7.1;
				MTL_ENABLE_DEBUG_INFO = NO;
				SDKROOT = iphoneos;
				VALIDATE_PRODUCT = YES;
			};
			name = Release;
		};
		BE06AF5A19DCB35A0045C011 /* Debug */ = {
			isa = XCBuildConfiguration;
			baseConfigurationReference = 8E131E799EA707A1199773C8 /* Pods-sense.debug.xcconfig */;
			buildSettings = {
				ASSETCATALOG_COMPILER_APPICON_NAME = AppIcon;
				ASSETCATALOG_COMPILER_LAUNCHIMAGE_NAME = LaunchImage;
				CLANG_ENABLE_MODULES = YES;
				CODE_SIGN_ENTITLEMENTS = sense/sense.entitlements;
				CODE_SIGN_IDENTITY = "iPhone Developer";
				"CODE_SIGN_IDENTITY[sdk=iphoneos*]" = "iPhone Developer";
				FRAMEWORK_SEARCH_PATHS = (
					"$(inherited)",
					"/Users/matt.mcmurry/Downloads/parse-library-1",
					"$(PROJECT_DIR)/sense",
				);
				INFOPLIST_FILE = sense/Info.plist;
				LD_RUNPATH_SEARCH_PATHS = "$(inherited) @executable_path/Frameworks";
				PRODUCT_NAME = "$(TARGET_NAME)";
				PROVISIONING_PROFILE = "";
				SWIFT_OBJC_BRIDGING_HEADER = "sense/sense-Bridging-Header.h";
				SWIFT_OPTIMIZATION_LEVEL = "-Onone";
			};
			name = Debug;
		};
		BE06AF5B19DCB35A0045C011 /* Release */ = {
			isa = XCBuildConfiguration;
			baseConfigurationReference = 0D5D4380A3AE10EF25C2E0F8 /* Pods-sense.release.xcconfig */;
			buildSettings = {
				ASSETCATALOG_COMPILER_APPICON_NAME = AppIcon;
				ASSETCATALOG_COMPILER_LAUNCHIMAGE_NAME = LaunchImage;
				CLANG_ENABLE_MODULES = YES;
				CODE_SIGN_ENTITLEMENTS = sense/sense.entitlements;
				CODE_SIGN_IDENTITY = "iPhone Distribution";
				"CODE_SIGN_IDENTITY[sdk=iphoneos*]" = "iPhone Distribution";
				FRAMEWORK_SEARCH_PATHS = (
					"$(inherited)",
					"/Users/matt.mcmurry/Downloads/parse-library-1",
					"$(PROJECT_DIR)/sense",
				);
				INFOPLIST_FILE = sense/Info.plist;
				LD_RUNPATH_SEARCH_PATHS = "$(inherited) @executable_path/Frameworks";
				PRODUCT_NAME = "$(TARGET_NAME)";
				PROVISIONING_PROFILE = "";
				SWIFT_OBJC_BRIDGING_HEADER = "sense/sense-Bridging-Header.h";
			};
			name = Release;
		};
		BE06AF5D19DCB35A0045C011 /* Debug */ = {
			isa = XCBuildConfiguration;
			buildSettings = {
				BUNDLE_LOADER = "$(TEST_HOST)";
				FRAMEWORK_SEARCH_PATHS = (
					"$(SDKROOT)/Developer/Library/Frameworks",
					"$(inherited)",
				);
				GCC_PREPROCESSOR_DEFINITIONS = (
					"DEBUG=1",
					"$(inherited)",
				);
				INFOPLIST_FILE = senseTests/Info.plist;
				LD_RUNPATH_SEARCH_PATHS = "$(inherited) @executable_path/Frameworks @loader_path/Frameworks";
				PRODUCT_NAME = "$(TARGET_NAME)";
				TEST_HOST = "$(BUILT_PRODUCTS_DIR)/sense.app/sense";
			};
			name = Debug;
		};
		BE06AF5E19DCB35A0045C011 /* Release */ = {
			isa = XCBuildConfiguration;
			buildSettings = {
				BUNDLE_LOADER = "$(TEST_HOST)";
				FRAMEWORK_SEARCH_PATHS = (
					"$(SDKROOT)/Developer/Library/Frameworks",
					"$(inherited)",
				);
				INFOPLIST_FILE = senseTests/Info.plist;
				LD_RUNPATH_SEARCH_PATHS = "$(inherited) @executable_path/Frameworks @loader_path/Frameworks";
				PRODUCT_NAME = "$(TARGET_NAME)";
				TEST_HOST = "$(BUILT_PRODUCTS_DIR)/sense.app/sense";
			};
			name = Release;
		};
/* End XCBuildConfiguration section */

/* Begin XCConfigurationList section */
		BE06AF3519DCB35A0045C011 /* Build configuration list for PBXProject "sense" */ = {
			isa = XCConfigurationList;
			buildConfigurations = (
				BE06AF5719DCB35A0045C011 /* Debug */,
				BE06AF5819DCB35A0045C011 /* Release */,
			);
			defaultConfigurationIsVisible = 0;
			defaultConfigurationName = Release;
		};
		BE06AF5919DCB35A0045C011 /* Build configuration list for PBXNativeTarget "sense" */ = {
			isa = XCConfigurationList;
			buildConfigurations = (
				BE06AF5A19DCB35A0045C011 /* Debug */,
				BE06AF5B19DCB35A0045C011 /* Release */,
			);
			defaultConfigurationIsVisible = 0;
			defaultConfigurationName = Release;
		};
		BE06AF5C19DCB35A0045C011 /* Build configuration list for PBXNativeTarget "senseTests" */ = {
			isa = XCConfigurationList;
			buildConfigurations = (
				BE06AF5D19DCB35A0045C011 /* Debug */,
				BE06AF5E19DCB35A0045C011 /* Release */,
			);
			defaultConfigurationIsVisible = 0;
			defaultConfigurationName = Release;
		};
/* End XCConfigurationList section */
	};
	rootObject = BE06AF3219DCB35A0045C011 /* Project object */;
}
